
Microsoft Visual Studio Solution File, Format Version 12.00
# Visual Studio Version 16
VisualStudioVersion = 16.0.29509.3
MinimumVisualStudioVersion = 10.0.40219.1
Project("{9A19103F-16F7-4668-BE54-9A1E7A4F7556}") = "WebAPI", "WebAPI\WebAPI.csproj", "{081FD89D-73CB-4509-978D-0C7A4A67D0B3}"
EndProject
Project("{9A19103F-16F7-4668-BE54-9A1E7A4F7556}") = "Kernel.Dapper", "Kernel.Dapper\Kernel.Dapper.csproj", "{9D925DB6-E374-42FE-A0E6-C0BEA4CAAF59}"
EndProject
Project("{9A19103F-16F7-4668-BE54-9A1E7A4F7556}") = "Kernel.Repository", "Kernel.Repository\Kernel.Repository.csproj", "{FB925ADD-568B-4743-A870-D43D7CDAF2D1}"
EndProject
Project("{9A19103F-16F7-4668-BE54-9A1E7A4F7556}") = "Kernel.Service", "Kernel.Service\Kernel.Service.csproj", "{E7C31981-920E-40E6-929D-3D682BBBEFFB}"
EndProject
Project("{9A19103F-16F7-4668-BE54-9A1E7A4F7556}") = "Kernel.Core", "Kernel.Core\Kernel.Core.csproj", "{C5D68A61-06C7-4E85-928C-40E85102784C}"
EndProject
Project("{9A19103F-16F7-4668-BE54-9A1E7A4F7556}") = "Kernel.MediatR", "Kernel.MediatR\Kernel.MediatR.csproj", "{197BD80E-F4FE-4301-A925-6BE5D04AD386}"
EndProject
Project("{2150E333-8FDC-42A3-9474-1A3956D46DE8}") = "1、Basic", "1、Basic", "{121F3236-438E-4832-94EF-991E388E0138}"
EndProject
Project("{2150E333-8FDC-42A3-9474-1A3956D46DE8}") = "2、Model", "2、Model", "{0EA48FCB-F81B-4940-9B94-A5F54CBE04E2}"
EndProject
Project("{9A19103F-16F7-4668-BE54-9A1E7A4F7556}") = "Kernel.Model", "Kernel.Model\Kernel.Model.csproj", "{B9008511-2320-4C66-AD75-9D90A6FC5347}"
EndProject
Project("{2150E333-8FDC-42A3-9474-1A3956D46DE8}") = "5、Business", "5、Business", "{220B4191-5AA1-490A-BDC7-C51D533976FC}"
EndProject
Project("{2150E333-8FDC-42A3-9474-1A3956D46DE8}") = "4、Database", "4、Database", "{8840BFDB-F215-4317-8D71-DEC18A2FF4BF}"
EndProject
Project("{2150E333-8FDC-42A3-9474-1A3956D46DE8}") = "3、IService", "3、IService", "{9B34845D-CFED-4A1E-8DF1-A765941A0030}"
EndProject
Project("{9A19103F-16F7-4668-BE54-9A1E7A4F7556}") = "Kernel.IService", "Kernel.IService\Kernel.IService.csproj", "{F5E613E5-38D2-4860-A1F8-D3A5813F6E1B}"
EndProject
Project("{9A19103F-16F7-4668-BE54-9A1E7A4F7556}") = "Kernel.EF", "Kernel.EF\Kernel.EF.csproj", "{A0B31B46-2837-464B-8C9E-C7DA112D418E}"
EndProject
Project("{E24C65DC-7377-472B-9ABA-BC803B73C61A}") = "KernelWeb", "..\..\KernelWeb\", "{B0DA29E2-C893-48DF-9EE4-DF7346837799}"
	ProjectSection(WebsiteProperties) = preProject
		TargetFrameworkMoniker = ".NETFramework,Version%3Dv4.0"
		Debug.AspNetCompiler.VirtualPath = "/localhost_53007"
		Debug.AspNetCompiler.PhysicalPath = "..\..\KernelWeb\"
		Debug.AspNetCompiler.TargetPath = "PrecompiledWeb\localhost_53007\"
		Debug.AspNetCompiler.Updateable = "true"
		Debug.AspNetCompiler.ForceOverwrite = "true"
		Debug.AspNetCompiler.FixedNames = "false"
		Debug.AspNetCompiler.Debug = "True"
		Release.AspNetCompiler.VirtualPath = "/localhost_53007"
		Release.AspNetCompiler.PhysicalPath = "..\..\KernelWeb\"
		Release.AspNetCompiler.TargetPath = "PrecompiledWeb\localhost_53007\"
		Release.AspNetCompiler.Updateable = "true"
		Release.AspNetCompiler.ForceOverwrite = "true"
		Release.AspNetCompiler.FixedNames = "false"
		Release.AspNetCompiler.Debug = "False"
		VWDPort = "53007"
		SlnRelativePath = "..\..\KernelWeb\"
	EndProjectSection
EndProject
Project("{2150E333-8FDC-42A3-9474-1A3956D46DE8}") = "6、Buildin", "6、Buildin", "{15AA801A-6356-4148-B82A-090EAB0C13DB}"
EndProject
Project("{9A19103F-16F7-4668-BE54-9A1E7A4F7556}") = "Kernel.Buildin", "Kernel.Buildin\Kernel.Buildin.csproj", "{CA13EA10-5763-4D16-8A3F-810DDDD7773D}"
EndProject
Global
	GlobalSection(SolutionConfigurationPlatforms) = preSolution
		Debug|Any CPU = Debug|Any CPU
		Release|Any CPU = Release|Any CPU
	EndGlobalSection
	GlobalSection(ProjectConfigurationPlatforms) = postSolution
		{081FD89D-73CB-4509-978D-0C7A4A67D0B3}.Debug|Any CPU.ActiveCfg = Debug|Any CPU
		{081FD89D-73CB-4509-978D-0C7A4A67D0B3}.Debug|Any CPU.Build.0 = Debug|Any CPU
		{081FD89D-73CB-4509-978D-0C7A4A67D0B3}.Release|Any CPU.ActiveCfg = Release|Any CPU
		{081FD89D-73CB-4509-978D-0C7A4A67D0B3}.Release|Any CPU.Build.0 = Release|Any CPU
		{9D925DB6-E374-42FE-A0E6-C0BEA4CAAF59}.Debug|Any CPU.ActiveCfg = Debug|Any CPU
		{9D925DB6-E374-42FE-A0E6-C0BEA4CAAF59}.Debug|Any CPU.Build.0 = Debug|Any CPU
		{9D925DB6-E374-42FE-A0E6-C0BEA4CAAF59}.Release|Any CPU.ActiveCfg = Release|Any CPU
		{9D925DB6-E374-42FE-A0E6-C0BEA4CAAF59}.Release|Any CPU.Build.0 = Release|Any CPU
		{FB925ADD-568B-4743-A870-D43D7CDAF2D1}.Debug|Any CPU.ActiveCfg = Debug|Any CPU
		{FB925ADD-568B-4743-A870-D43D7CDAF2D1}.Debug|Any CPU.Build.0 = Debug|Any CPU
		{FB925ADD-568B-4743-A870-D43D7CDAF2D1}.Release|Any CPU.ActiveCfg = Release|Any CPU
		{FB925ADD-568B-4743-A870-D43D7CDAF2D1}.Release|Any CPU.Build.0 = Release|Any CPU
		{E7C31981-920E-40E6-929D-3D682BBBEFFB}.Debug|Any CPU.ActiveCfg = Debug|Any CPU
		{E7C31981-920E-40E6-929D-3D682BBBEFFB}.Debug|Any CPU.Build.0 = Debug|Any CPU
		{E7C31981-920E-40E6-929D-3D682BBBEFFB}.Release|Any CPU.ActiveCfg = Release|Any CPU
		{E7C31981-920E-40E6-929D-3D682BBBEFFB}.Release|Any CPU.Build.0 = Release|Any CPU
		{C5D68A61-06C7-4E85-928C-40E85102784C}.Debug|Any CPU.ActiveCfg = Debug|Any CPU
		{C5D68A61-06C7-4E85-928C-40E85102784C}.Debug|Any CPU.Build.0 = Debug|Any CPU
		{C5D68A61-06C7-4E85-928C-40E85102784C}.Release|Any CPU.ActiveCfg = Release|Any CPU
		{C5D68A61-06C7-4E85-928C-40E85102784C}.Release|Any CPU.Build.0 = Release|Any CPU
		{197BD80E-F4FE-4301-A925-6BE5D04AD386}.Debug|Any CPU.ActiveCfg = Debug|Any CPU
		{197BD80E-F4FE-4301-A925-6BE5D04AD386}.Debug|Any CPU.Build.0 = Debug|Any CPU
		{197BD80E-F4FE-4301-A925-6BE5D04AD386}.Release|Any CPU.ActiveCfg = Release|Any CPU
		{197BD80E-F4FE-4301-A925-6BE5D04AD386}.Release|Any CPU.Build.0 = Release|Any CPU
		{B9008511-2320-4C66-AD75-9D90A6FC5347}.Debug|Any CPU.ActiveCfg = Debug|Any CPU
		{B9008511-2320-4C66-AD75-9D90A6FC5347}.Debug|Any CPU.Build.0 = Debug|Any CPU
		{B9008511-2320-4C66-AD75-9D90A6FC5347}.Release|Any CPU.ActiveCfg = Release|Any CPU
		{B9008511-2320-4C66-AD75-9D90A6FC5347}.Release|Any CPU.Build.0 = Release|Any CPU
		{F5E613E5-38D2-4860-A1F8-D3A5813F6E1B}.Debug|Any CPU.ActiveCfg = Debug|Any CPU
		{F5E613E5-38D2-4860-A1F8-D3A5813F6E1B}.Debug|Any CPU.Build.0 = Debug|Any CPU
		{F5E613E5-38D2-4860-A1F8-D3A5813F6E1B}.Release|Any CPU.ActiveCfg = Release|Any CPU
		{F5E613E5-38D2-4860-A1F8-D3A5813F6E1B}.Release|Any CPU.Build.0 = Release|Any CPU
		{A0B31B46-2837-464B-8C9E-C7DA112D418E}.Debug|Any CPU.ActiveCfg = Debug|Any CPU
		{A0B31B46-2837-464B-8C9E-C7DA112D418E}.Debug|Any CPU.Build.0 = Debug|Any CPU
		{A0B31B46-2837-464B-8C9E-C7DA112D418E}.Release|Any CPU.ActiveCfg = Release|Any CPU
		{A0B31B46-2837-464B-8C9E-C7DA112D418E}.Release|Any CPU.Build.0 = Release|Any CPU
		{B0DA29E2-C893-48DF-9EE4-DF7346837799}.Debug|Any CPU.ActiveCfg = Debug|Any CPU
		{B0DA29E2-C893-48DF-9EE4-DF7346837799}.Debug|Any CPU.Build.0 = Debug|Any CPU
		{B0DA29E2-C893-48DF-9EE4-DF7346837799}.Release|Any CPU.ActiveCfg = Debug|Any CPU
		{B0DA29E2-C893-48DF-9EE4-DF7346837799}.Release|Any CPU.Build.0 = Debug|Any CPU
		{CA13EA10-5763-4D16-8A3F-810DDDD7773D}.Debug|Any CPU.ActiveCfg = Debug|Any CPU
		{CA13EA10-5763-4D16-8A3F-810DDDD7773D}.Debug|Any CPU.Build.0 = Debug|Any CPU
		{CA13EA10-5763-4D16-8A3F-810DDDD7773D}.Release|Any CPU.ActiveCfg = Release|Any CPU
		{CA13EA10-5763-4D16-8A3F-810DDDD7773D}.Release|Any CPU.Build.0 = Release|Any CPU
	EndGlobalSection
	GlobalSection(SolutionProperties) = preSolution
		HideSolutionNode = FALSE
	EndGlobalSection
	GlobalSection(NestedProjects) = preSolution
		{9D925DB6-E374-42FE-A0E6-C0BEA4CAAF59} = {121F3236-438E-4832-94EF-991E388E0138}
		{FB925ADD-568B-4743-A870-D43D7CDAF2D1} = {8840BFDB-F215-4317-8D71-DEC18A2FF4BF}
		{E7C31981-920E-40E6-929D-3D682BBBEFFB} = {220B4191-5AA1-490A-BDC7-C51D533976FC}
		{C5D68A61-06C7-4E85-928C-40E85102784C} = {121F3236-438E-4832-94EF-991E388E0138}
		{197BD80E-F4FE-4301-A925-6BE5D04AD386} = {220B4191-5AA1-490A-BDC7-C51D533976FC}
		{B9008511-2320-4C66-AD75-9D90A6FC5347} = {0EA48FCB-F81B-4940-9B94-A5F54CBE04E2}
		{F5E613E5-38D2-4860-A1F8-D3A5813F6E1B} = {9B34845D-CFED-4A1E-8DF1-A765941A0030}
		{A0B31B46-2837-464B-8C9E-C7DA112D418E} = {8840BFDB-F215-4317-8D71-DEC18A2FF4BF}
		{CA13EA10-5763-4D16-8A3F-810DDDD7773D} = {15AA801A-6356-4148-B82A-090EAB0C13DB}
	EndGlobalSection
	GlobalSection(ExtensibilityGlobals) = postSolution
		SolutionGuid = {589CD7B0-8369-43F6-8476-788EC4B802D1}
	EndGlobalSection
EndGlobal
